// !$*UTF8*$!
{
	archiveVersion = 1;
	classes = {
	};
	objectVersion = 48;
	objects = {

/* Begin PBXBuildFile section */
		77A3386F203EA739000C2F86 /* AppDelegate.swift in Sources */ = {isa = PBXBuildFile; fileRef = 77A3386E203EA739000C2F86 /* AppDelegate.swift */; };
		77A33877203EA739000C2F86 /* GameViewController.swift in Sources */ = {isa = PBXBuildFile; fileRef = 77A33876203EA739000C2F86 /* GameViewController.swift */; };
		77A3387A203EA739000C2F86 /* Main.storyboard in Resources */ = {isa = PBXBuildFile; fileRef = 77A33878203EA739000C2F86 /* Main.storyboard */; };
		77A3387C203EA739000C2F86 /* Assets.xcassets in Resources */ = {isa = PBXBuildFile; fileRef = 77A3387B203EA739000C2F86 /* Assets.xcassets */; };
		77A3387F203EA739000C2F86 /* LaunchScreen.storyboard in Resources */ = {isa = PBXBuildFile; fileRef = 77A3387D203EA739000C2F86 /* LaunchScreen.storyboard */; };
		77A3388B203EA892000C2F86 /* Level1Scene.swift in Sources */ = {isa = PBXBuildFile; fileRef = 77A3388A203EA892000C2F86 /* Level1Scene.swift */; };
		77A3388D203EA8A0000C2F86 /* GameOverScene.swift in Sources */ = {isa = PBXBuildFile; fileRef = 77A3388C203EA8A0000C2F86 /* GameOverScene.swift */; };
		77A3388F203EA8BA000C2F86 /* GameWinScene.swift in Sources */ = {isa = PBXBuildFile; fileRef = 77A3388E203EA8BA000C2F86 /* GameWinScene.swift */; };
		77A33891203EA9D3000C2F86 /* MenuScene.swift in Sources */ = {isa = PBXBuildFile; fileRef = 77A33890203EA9D3000C2F86 /* MenuScene.swift */; };
		77A33893203EB0E9000C2F86 /* GenericObject.swift in Sources */ = {isa = PBXBuildFile; fileRef = 77A33892203EB0E9000C2F86 /* GenericObject.swift */; };
		77A33898203EC30E000C2F86 /* neuropolitical rg.ttf in Resources */ = {isa = PBXBuildFile; fileRef = 77A33895203EC30D000C2F86 /* neuropolitical rg.ttf */; };
		77A33899203EC30E000C2F86 /* read-this.html in Resources */ = {isa = PBXBuildFile; fileRef = 77A33896203EC30D000C2F86 /* read-this.html */; };
		77A3389A203EC30E000C2F86 /* typodermic-eula-02-2014.pdf in Resources */ = {isa = PBXBuildFile; fileRef = 77A33897203EC30E000C2F86 /* typodermic-eula-02-2014.pdf */; };
		77A5BCA42040A74300C081EF /* sparks.sks in Resources */ = {isa = PBXBuildFile; fileRef = 77A5BCA22040A74300C081EF /* sparks.sks */; };
		77A5BCA52040A74300C081EF /* Assets.xcassets in Resources */ = {isa = PBXBuildFile; fileRef = 77A5BCA32040A74300C081EF /* Assets.xcassets */; };
		77A5BCA92040A85800C081EF /* smoke.sks in Resources */ = {isa = PBXBuildFile; fileRef = 77A5BCA82040A85800C081EF /* smoke.sks */; };
		77A5BCAC2040AB6300C081EF /* Collision_With_rocket.mp3 in Resources */ = {isa = PBXBuildFile; fileRef = 77A5BCAB2040AB6300C081EF /* Collision_With_rocket.mp3 */; };
		77A5BCAE2040AB6F00C081EF /* Rocket_launch.mp3 in Resources */ = {isa = PBXBuildFile; fileRef = 77A5BCAD2040AB6F00C081EF /* Rocket_launch.mp3 */; };
		77A5BCB02040AB7900C081EF /* Lvl_1_soundrack.mp3 in Resources */ = {isa = PBXBuildFile; fileRef = 77A5BCAF2040AB7900C081EF /* Lvl_1_soundrack.mp3 */; };
		77A5BCB22040AB9300C081EF /* Start_screen_soundtrack.mp3 in Resources */ = {isa = PBXBuildFile; fileRef = 77A5BCB12040AB9300C081EF /* Start_screen_soundtrack.mp3 */; };
		77A5BCB42040ABAF00C081EF /* EndOfTheGame_soundtrack.mp3 in Resources */ = {isa = PBXBuildFile; fileRef = 77A5BCB32040ABAF00C081EF /* EndOfTheGame_soundtrack.mp3 */; };
		77A5BCB62040ABB600C081EF /* Lose_sountrack.mp3 in Resources */ = {isa = PBXBuildFile; fileRef = 77A5BCB52040ABB600C081EF /* Lose_sountrack.mp3 */; };
		77A5BCBE2040E0EF00C081EF /* fireworks.sks in Resources */ = {isa = PBXBuildFile; fileRef = 77A5BCBD2040E0EF00C081EF /* fireworks.sks */; };
		77A82F66203F04CE0073326B /* TowerObject.swift in Sources */ = {isa = PBXBuildFile; fileRef = 77A82F65203F04CE0073326B /* TowerObject.swift */; };
		77A82F68203F087A0073326B /* BulletObject.swift in Sources */ = {isa = PBXBuildFile; fileRef = 77A82F67203F087A0073326B /* BulletObject.swift */; };
		77A82F6A203F22C90073326B /* EnemyObject.swift in Sources */ = {isa = PBXBuildFile; fileRef = 77A82F69203F22C90073326B /* EnemyObject.swift */; };
		77A82F72203F2FBB0073326B /* FrigateObject.swift in Sources */ = {isa = PBXBuildFile; fileRef = 77A82F71203F2FBB0073326B /* FrigateObject.swift */; };
		77A82F74203F30590073326B /* CruiserObject.swift in Sources */ = {isa = PBXBuildFile; fileRef = 77A82F73203F30590073326B /* CruiserObject.swift */; };
		77A82F76203F35F10073326B /* BattlecruiserObject.swift in Sources */ = {isa = PBXBuildFile; fileRef = 77A82F75203F35F10073326B /* BattlecruiserObject.swift */; };
/* End PBXBuildFile section */

/* Begin PBXFileReference section */
		77A3386B203EA739000C2F86 /* Alien KamikaZe.app */ = {isa = PBXFileReference; explicitFileType = wrapper.application; includeInIndex = 0; path = "Alien KamikaZe.app"; sourceTree = BUILT_PRODUCTS_DIR; };
		77A3386E203EA739000C2F86 /* AppDelegate.swift */ = {isa = PBXFileReference; lastKnownFileType = sourcecode.swift; path = AppDelegate.swift; sourceTree = "<group>"; };
		77A33876203EA739000C2F86 /* GameViewController.swift */ = {isa = PBXFileReference; lastKnownFileType = sourcecode.swift; path = GameViewController.swift; sourceTree = "<group>"; };
		77A33879203EA739000C2F86 /* Base */ = {isa = PBXFileReference; lastKnownFileType = file.storyboard; name = Base; path = Base.lproj/Main.storyboard; sourceTree = "<group>"; };
		77A3387B203EA739000C2F86 /* Assets.xcassets */ = {isa = PBXFileReference; lastKnownFileType = folder.assetcatalog; path = Assets.xcassets; sourceTree = "<group>"; };
		77A3387E203EA739000C2F86 /* Base */ = {isa = PBXFileReference; lastKnownFileType = file.storyboard; name = Base; path = Base.lproj/LaunchScreen.storyboard; sourceTree = "<group>"; };
		77A33880203EA739000C2F86 /* Info.plist */ = {isa = PBXFileReference; lastKnownFileType = text.plist.xml; path = Info.plist; sourceTree = "<group>"; };
		77A3388A203EA892000C2F86 /* Level1Scene.swift */ = {isa = PBXFileReference; lastKnownFileType = sourcecode.swift; path = Level1Scene.swift; sourceTree = "<group>"; };
		77A3388C203EA8A0000C2F86 /* GameOverScene.swift */ = {isa = PBXFileReference; lastKnownFileType = sourcecode.swift; path = GameOverScene.swift; sourceTree = "<group>"; };
		77A3388E203EA8BA000C2F86 /* GameWinScene.swift */ = {isa = PBXFileReference; lastKnownFileType = sourcecode.swift; path = GameWinScene.swift; sourceTree = "<group>"; };
		77A33890203EA9D3000C2F86 /* MenuScene.swift */ = {isa = PBXFileReference; lastKnownFileType = sourcecode.swift; path = MenuScene.swift; sourceTree = "<group>"; };
		77A33892203EB0E9000C2F86 /* GenericObject.swift */ = {isa = PBXFileReference; lastKnownFileType = sourcecode.swift; path = GenericObject.swift; sourceTree = "<group>"; };
		77A33895203EC30D000C2F86 /* neuropolitical rg.ttf */ = {isa = PBXFileReference; lastKnownFileType = file; path = "neuropolitical rg.ttf"; sourceTree = "<group>"; };
		77A33896203EC30D000C2F86 /* read-this.html */ = {isa = PBXFileReference; fileEncoding = 4; lastKnownFileType = text.html; path = "read-this.html"; sourceTree = "<group>"; };
		77A33897203EC30E000C2F86 /* typodermic-eula-02-2014.pdf */ = {isa = PBXFileReference; lastKnownFileType = image.pdf; path = "typodermic-eula-02-2014.pdf"; sourceTree = "<group>"; };
		77A5BCA22040A74300C081EF /* sparks.sks */ = {isa = PBXFileReference; lastKnownFileType = file.sks; path = sparks.sks; sourceTree = "<group>"; };
		77A5BCA32040A74300C081EF /* Assets.xcassets */ = {isa = PBXFileReference; lastKnownFileType = folder.assetcatalog; path = Assets.xcassets; sourceTree = "<group>"; };
		77A5BCA82040A85800C081EF /* smoke.sks */ = {isa = PBXFileReference; lastKnownFileType = file.sks; path = smoke.sks; sourceTree = "<group>"; };
		77A5BCAB2040AB6300C081EF /* Collision_With_rocket.mp3 */ = {isa = PBXFileReference; lastKnownFileType = audio.mp3; path = Collision_With_rocket.mp3; sourceTree = "<group>"; };
		77A5BCAD2040AB6F00C081EF /* Rocket_launch.mp3 */ = {isa = PBXFileReference; lastKnownFileType = audio.mp3; path = Rocket_launch.mp3; sourceTree = "<group>"; };
		77A5BCAF2040AB7900C081EF /* Lvl_1_soundrack.mp3 */ = {isa = PBXFileReference; lastKnownFileType = audio.mp3; path = Lvl_1_soundrack.mp3; sourceTree = "<group>"; };
		77A5BCB12040AB9300C081EF /* Start_screen_soundtrack.mp3 */ = {isa = PBXFileReference; lastKnownFileType = audio.mp3; path = Start_screen_soundtrack.mp3; sourceTree = "<group>"; };
		77A5BCB32040ABAF00C081EF /* EndOfTheGame_soundtrack.mp3 */ = {isa = PBXFileReference; lastKnownFileType = audio.mp3; path = EndOfTheGame_soundtrack.mp3; sourceTree = "<group>"; };
		77A5BCB52040ABB600C081EF /* Lose_sountrack.mp3 */ = {isa = PBXFileReference; lastKnownFileType = audio.mp3; path = Lose_sountrack.mp3; sourceTree = "<group>"; };
		77A5BCBD2040E0EF00C081EF /* fireworks.sks */ = {isa = PBXFileReference; lastKnownFileType = file.sks; path = fireworks.sks; sourceTree = "<group>"; };
		77A82F65203F04CE0073326B /* TowerObject.swift */ = {isa = PBXFileReference; lastKnownFileType = sourcecode.swift; path = TowerObject.swift; sourceTree = "<group>"; };
		77A82F67203F087A0073326B /* BulletObject.swift */ = {isa = PBXFileReference; lastKnownFileType = sourcecode.swift; path = BulletObject.swift; sourceTree = "<group>"; };
		77A82F69203F22C90073326B /* EnemyObject.swift */ = {isa = PBXFileReference; lastKnownFileType = sourcecode.swift; path = EnemyObject.swift; sourceTree = "<group>"; };
		77A82F71203F2FBB0073326B /* FrigateObject.swift */ = {isa = PBXFileReference; lastKnownFileType = sourcecode.swift; path = FrigateObject.swift; sourceTree = "<group>"; };
		77A82F73203F30590073326B /* CruiserObject.swift */ = {isa = PBXFileReference; lastKnownFileType = sourcecode.swift; path = CruiserObject.swift; sourceTree = "<group>"; };
		77A82F75203F35F10073326B /* BattlecruiserObject.swift */ = {isa = PBXFileReference; lastKnownFileType = sourcecode.swift; path = BattlecruiserObject.swift; sourceTree = "<group>"; };
/* End PBXFileReference section */

/* Begin PBXFrameworksBuildPhase section */
		77A33868203EA739000C2F86 /* Frameworks */ = {
			isa = PBXFrameworksBuildPhase;
			buildActionMask = 2147483647;
			files = (
			);
			runOnlyForDeploymentPostprocessing = 0;
		};
/* End PBXFrameworksBuildPhase section */

/* Begin PBXGroup section */
		77A33862203EA739000C2F86 = {
			isa = PBXGroup;
			children = (
				77A3386D203EA739000C2F86 /* Alien KamikaZe */,
				77A3386C203EA739000C2F86 /* Products */,
			);
			sourceTree = "<group>";
		};
		77A3386C203EA739000C2F86 /* Products */ = {
			isa = PBXGroup;
			children = (
				77A3386B203EA739000C2F86 /* Alien KamikaZe.app */,
			);
			name = Products;
			sourceTree = "<group>";
		};
		77A3386D203EA739000C2F86 /* Alien KamikaZe */ = {
			isa = PBXGroup;
			children = (
				77A5BCAA2040AB4C00C081EF /* Game Sounds */,
				77A5BCA12040A70000C081EF /* Game Particle Effects */,
				77A3386E203EA739000C2F86 /* AppDelegate.swift */,
				77A33894203EC2DC000C2F86 /* Game Font */,
				77A33887203EA81E000C2F86 /* Game Nodes */,
				77A33886203EA809000C2F86 /* Game Scenes */,
				77A33876203EA739000C2F86 /* GameViewController.swift */,
				77A33878203EA739000C2F86 /* Main.storyboard */,
				77A3387B203EA739000C2F86 /* Assets.xcassets */,
				77A3387D203EA739000C2F86 /* LaunchScreen.storyboard */,
				77A33880203EA739000C2F86 /* Info.plist */,
			);
			path = "Alien KamikaZe";
			sourceTree = "<group>";
		};
		77A33886203EA809000C2F86 /* Game Scenes */ = {
			isa = PBXGroup;
			children = (
				77A3388A203EA892000C2F86 /* Level1Scene.swift */,
				77A3388C203EA8A0000C2F86 /* GameOverScene.swift */,
				77A3388E203EA8BA000C2F86 /* GameWinScene.swift */,
				77A33890203EA9D3000C2F86 /* MenuScene.swift */,
			);
			path = "Game Scenes";
			sourceTree = "<group>";
		};
		77A33887203EA81E000C2F86 /* Game Nodes */ = {
			isa = PBXGroup;
			children = (
				77A33892203EB0E9000C2F86 /* GenericObject.swift */,
				77A82F65203F04CE0073326B /* TowerObject.swift */,
				77A82F67203F087A0073326B /* BulletObject.swift */,
				77A82F69203F22C90073326B /* EnemyObject.swift */,
				77A82F71203F2FBB0073326B /* FrigateObject.swift */,
				77A82F73203F30590073326B /* CruiserObject.swift */,
				77A82F75203F35F10073326B /* BattlecruiserObject.swift */,
			);
			path = "Game Nodes";
			sourceTree = "<group>";
		};
		77A33894203EC2DC000C2F86 /* Game Font */ = {
			isa = PBXGroup;
			children = (
				77A33895203EC30D000C2F86 /* neuropolitical rg.ttf */,
				77A33896203EC30D000C2F86 /* read-this.html */,
				77A33897203EC30E000C2F86 /* typodermic-eula-02-2014.pdf */,
			);
			path = "Game Font";
			sourceTree = "<group>";
		};
		77A5BCA12040A70000C081EF /* Game Particle Effects */ = {
			isa = PBXGroup;
			children = (
				77A5BCA22040A74300C081EF /* sparks.sks */,
				77A5BCA32040A74300C081EF /* Assets.xcassets */,
				77A5BCA82040A85800C081EF /* smoke.sks */,
				77A5BCBD2040E0EF00C081EF /* fireworks.sks */,
			);
			path = "Game Particle Effects";
			sourceTree = "<group>";
		};
		77A5BCAA2040AB4C00C081EF /* Game Sounds */ = {
			isa = PBXGroup;
			children = (
				77A5BCAD2040AB6F00C081EF /* Rocket_launch.mp3 */,
				77A5BCAB2040AB6300C081EF /* Collision_With_rocket.mp3 */,
				77A5BCAF2040AB7900C081EF /* Lvl_1_soundrack.mp3 */,
				77A5BCB12040AB9300C081EF /* Start_screen_soundtrack.mp3 */,
				77A5BCB32040ABAF00C081EF /* EndOfTheGame_soundtrack.mp3 */,
				77A5BCB52040ABB600C081EF /* Lose_sountrack.mp3 */,
			);
			path = "Game Sounds";
			sourceTree = "<group>";
		};
/* End PBXGroup section */

/* Begin PBXNativeTarget section */
		77A3386A203EA739000C2F86 /* Alien KamikaZe */ = {
			isa = PBXNativeTarget;
			buildConfigurationList = 77A33883203EA739000C2F86 /* Build configuration list for PBXNativeTarget "Alien KamikaZe" */;
			buildPhases = (
				77A33867203EA739000C2F86 /* Sources */,
				77A33868203EA739000C2F86 /* Frameworks */,
				77A33869203EA739000C2F86 /* Resources */,
			);
			buildRules = (
			);
			dependencies = (
			);
			name = "Alien KamikaZe";
			productName = "Alien KamikaZe";
			productReference = 77A3386B203EA739000C2F86 /* Alien KamikaZe.app */;
			productType = "com.apple.product-type.application";
		};
/* End PBXNativeTarget section */

/* Begin PBXProject section */
		77A33863203EA739000C2F86 /* Project object */ = {
			isa = PBXProject;
			attributes = {
				LastSwiftUpdateCheck = 0920;
				LastUpgradeCheck = 0920;
				ORGANIZATIONNAME = "Shifty Land LLC";
				TargetAttributes = {
					77A3386A203EA739000C2F86 = {
						CreatedOnToolsVersion = 9.2;
						ProvisioningStyle = Automatic;
					};
				};
			};
			buildConfigurationList = 77A33866203EA739000C2F86 /* Build configuration list for PBXProject "Alien KamikaZe" */;
			compatibilityVersion = "Xcode 8.0";
			developmentRegion = en;
			hasScannedForEncodings = 0;
			knownRegions = (
				en,
				Base,
			);
			mainGroup = 77A33862203EA739000C2F86;
			productRefGroup = 77A3386C203EA739000C2F86 /* Products */;
			projectDirPath = "";
			projectRoot = "";
			targets = (
				77A3386A203EA739000C2F86 /* Alien KamikaZe */,
			);
		};
/* End PBXProject section */

/* Begin PBXResourcesBuildPhase section */
		77A33869203EA739000C2F86 /* Resources */ = {
			isa = PBXResourcesBuildPhase;
			buildActionMask = 2147483647;
			files = (
				77A33898203EC30E000C2F86 /* neuropolitical rg.ttf in Resources */,
				77A5BCA92040A85800C081EF /* smoke.sks in Resources */,
				77A3387A203EA739000C2F86 /* Main.storyboard in Resources */,
				77A3387C203EA739000C2F86 /* Assets.xcassets in Resources */,
				77A5BCB02040AB7900C081EF /* Lvl_1_soundrack.mp3 in Resources */,
				77A5BCB42040ABAF00C081EF /* EndOfTheGame_soundtrack.mp3 in Resources */,
				77A33899203EC30E000C2F86 /* read-this.html in Resources */,
				77A3389A203EC30E000C2F86 /* typodermic-eula-02-2014.pdf in Resources */,
				77A5BCBE2040E0EF00C081EF /* fireworks.sks in Resources */,
				77A5BCAE2040AB6F00C081EF /* Rocket_launch.mp3 in Resources */,
				77A5BCA42040A74300C081EF /* sparks.sks in Resources */,
				77A5BCA52040A74300C081EF /* Assets.xcassets in Resources */,
				77A3387F203EA739000C2F86 /* LaunchScreen.storyboard in Resources */,
				77A5BCB22040AB9300C081EF /* Start_screen_soundtrack.mp3 in Resources */,
				77A5BCB62040ABB600C081EF /* Lose_sountrack.mp3 in Resources */,
				77A5BCAC2040AB6300C081EF /* Collision_With_rocket.mp3 in Resources */,
			);
			runOnlyForDeploymentPostprocessing = 0;
		};
/* End PBXResourcesBuildPhase section */

/* Begin PBXSourcesBuildPhase section */
		77A33867203EA739000C2F86 /* Sources */ = {
			isa = PBXSourcesBuildPhase;
			buildActionMask = 2147483647;
			files = (
				77A3388B203EA892000C2F86 /* Level1Scene.swift in Sources */,
				77A33877203EA739000C2F86 /* GameViewController.swift in Sources */,
				77A3388D203EA8A0000C2F86 /* GameOverScene.swift in Sources */,
				77A82F76203F35F10073326B /* BattlecruiserObject.swift in Sources */,
				77A82F68203F087A0073326B /* BulletObject.swift in Sources */,
				77A33893203EB0E9000C2F86 /* GenericObject.swift in Sources */,
				77A82F6A203F22C90073326B /* EnemyObject.swift in Sources */,
				77A82F66203F04CE0073326B /* TowerObject.swift in Sources */,
				77A82F72203F2FBB0073326B /* FrigateObject.swift in Sources */,
				77A33891203EA9D3000C2F86 /* MenuScene.swift in Sources */,
				77A3386F203EA739000C2F86 /* AppDelegate.swift in Sources */,
				77A82F74203F30590073326B /* CruiserObject.swift in Sources */,
				77A3388F203EA8BA000C2F86 /* GameWinScene.swift in Sources */,
			);
			runOnlyForDeploymentPostprocessing = 0;
		};
/* End PBXSourcesBuildPhase section */

/* Begin PBXVariantGroup section */
		77A33878203EA739000C2F86 /* Main.storyboard */ = {
			isa = PBXVariantGroup;
			children = (
				77A33879203EA739000C2F86 /* Base */,
			);
			name = Main.storyboard;
			sourceTree = "<group>";
		};
		77A3387D203EA739000C2F86 /* LaunchScreen.storyboard */ = {
			isa = PBXVariantGroup;
			children = (
				77A3387E203EA739000C2F86 /* Base */,
			);
			name = LaunchScreen.storyboard;
			sourceTree = "<group>";
		};
/* End PBXVariantGroup section */

/* Begin XCBuildConfiguration section */
		77A33881203EA739000C2F86 /* Debug */ = {
			isa = XCBuildConfiguration;
			buildSettings = {
				ALWAYS_SEARCH_USER_PATHS = NO;
				CLANG_ANALYZER_NONNULL = YES;
				CLANG_ANALYZER_NUMBER_OBJECT_CONVERSION = YES_AGGRESSIVE;
				CLANG_CXX_LANGUAGE_STANDARD = "gnu++14";
				CLANG_CXX_LIBRARY = "libc++";
				CLANG_ENABLE_MODULES = YES;
				CLANG_ENABLE_OBJC_ARC = YES;
				CLANG_WARN_BLOCK_CAPTURE_AUTORELEASING = YES;
				CLANG_WARN_BOOL_CONVERSION = YES;
				CLANG_WARN_COMMA = YES;
				CLANG_WARN_CONSTANT_CONVERSION = YES;
				CLANG_WARN_DIRECT_OBJC_ISA_USAGE = YES_ERROR;
				CLANG_WARN_DOCUMENTATION_COMMENTS = YES;
				CLANG_WARN_EMPTY_BODY = YES;
				CLANG_WARN_ENUM_CONVERSION = YES;
				CLANG_WARN_INFINITE_RECURSION = YES;
				CLANG_WARN_INT_CONVERSION = YES;
				CLANG_WARN_NON_LITERAL_NULL_CONVERSION = YES;
				CLANG_WARN_OBJC_LITERAL_CONVERSION = YES;
				CLANG_WARN_OBJC_ROOT_CLASS = YES_ERROR;
				CLANG_WARN_RANGE_LOOP_ANALYSIS = YES;
				CLANG_WARN_STRICT_PROTOTYPES = YES;
				CLANG_WARN_SUSPICIOUS_MOVE = YES;
				CLANG_WARN_UNGUARDED_AVAILABILITY = YES_AGGRESSIVE;
				CLANG_WARN_UNREACHABLE_CODE = YES;
				CLANG_WARN__DUPLICATE_METHOD_MATCH = YES;
				CODE_SIGN_IDENTITY = "iPhone Developer";
				COPY_PHASE_STRIP = NO;
				DEBUG_INFORMATION_FORMAT = dwarf;
				ENABLE_STRICT_OBJC_MSGSEND = YES;
				ENABLE_TESTABILITY = YES;
				GCC_C_LANGUAGE_STANDARD = gnu11;
				GCC_DYNAMIC_NO_PIC = NO;
				GCC_NO_COMMON_BLOCKS = YES;
				GCC_OPTIMIZATION_LEVEL = 0;
				GCC_PREPROCESSOR_DEFINITIONS = (
					"DEBUG=1",
					"$(inherited)",
				);
				GCC_WARN_64_TO_32_BIT_CONVERSION = YES;
				GCC_WARN_ABOUT_RETURN_TYPE = YES_ERROR;
				GCC_WARN_UNDECLARED_SELECTOR = YES;
				GCC_WARN_UNINITIALIZED_AUTOS = YES_AGGRESSIVE;
				GCC_WARN_UNUSED_FUNCTION = YES;
				GCC_WARN_UNUSED_VARIABLE = YES;
				IPHONEOS_DEPLOYMENT_TARGET = 11.2;
				MTL_ENABLE_DEBUG_INFO = YES;
				ONLY_ACTIVE_ARCH = YES;
				SDKROOT = iphoneos;
				SWIFT_ACTIVE_COMPILATION_CONDITIONS = DEBUG;
				SWIFT_OPTIMIZATION_LEVEL = "-Onone";
			};
			name = Debug;
		};
		77A33882203EA739000C2F86 /* Release */ = {
			isa = XCBuildConfiguration;
			buildSettings = {
				ALWAYS_SEARCH_USER_PATHS = NO;
				CLANG_ANALYZER_NONNULL = YES;
				CLANG_ANALYZER_NUMBER_OBJECT_CONVERSION = YES_AGGRESSIVE;
				CLANG_CXX_LANGUAGE_STANDARD = "gnu++14";
				CLANG_CXX_LIBRARY = "libc++";
				CLANG_ENABLE_MODULES = YES;
				CLANG_ENABLE_OBJC_ARC = YES;
				CLANG_WARN_BLOCK_CAPTURE_AUTORELEASING = YES;
				CLANG_WARN_BOOL_CONVERSION = YES;
				CLANG_WARN_COMMA = YES;
				CLANG_WARN_CONSTANT_CONVERSION = YES;
				CLANG_WARN_DIRECT_OBJC_ISA_USAGE = YES_ERROR;
				CLANG_WARN_DOCUMENTATION_COMMENTS = YES;
				CLANG_WARN_EMPTY_BODY = YES;
				CLANG_WARN_ENUM_CONVERSION = YES;
				CLANG_WARN_INFINITE_RECURSION = YES;
				CLANG_WARN_INT_CONVERSION = YES;
				CLANG_WARN_NON_LITERAL_NULL_CONVERSION = YES;
				CLANG_WARN_OBJC_LITERAL_CONVERSION = YES;
				CLANG_WARN_OBJC_ROOT_CLASS = YES_ERROR;
				CLANG_WARN_RANGE_LOOP_ANALYSIS = YES;
				CLANG_WARN_STRICT_PROTOTYPES = YES;
				CLANG_WARN_SUSPICIOUS_MOVE = YES;
				CLANG_WARN_UNGUARDED_AVAILABILITY = YES_AGGRESSIVE;
				CLANG_WARN_UNREACHABLE_CODE = YES;
				CLANG_WARN__DUPLICATE_METHOD_MATCH = YES;
				CODE_SIGN_IDENTITY = "iPhone Developer";
				COPY_PHASE_STRIP = NO;
				DEBUG_INFORMATION_FORMAT = "dwarf-with-dsym";
				ENABLE_NS_ASSERTIONS = NO;
				ENABLE_STRICT_OBJC_MSGSEND = YES;
				GCC_C_LANGUAGE_STANDARD = gnu11;
				GCC_NO_COMMON_BLOCKS = YES;
				GCC_WARN_64_TO_32_BIT_CONVERSION = YES;
				GCC_WARN_ABOUT_RETURN_TYPE = YES_ERROR;
				GCC_WARN_UNDECLARED_SELECTOR = YES;
				GCC_WARN_UNINITIALIZED_AUTOS = YES_AGGRESSIVE;
				GCC_WARN_UNUSED_FUNCTION = YES;
				GCC_WARN_UNUSED_VARIABLE = YES;
				IPHONEOS_DEPLOYMENT_TARGET = 11.2;
				MTL_ENABLE_DEBUG_INFO = NO;
				SDKROOT = iphoneos;
				SWIFT_OPTIMIZATION_LEVEL = "-Owholemodule";
				VALIDATE_PRODUCT = YES;
			};
			name = Release;
		};
		77A33884203EA739000C2F86 /* Debug */ = {
			isa = XCBuildConfiguration;
			buildSettings = {
				ASSETCATALOG_COMPILER_APPICON_NAME = AppIcon;
				CODE_SIGN_STYLE = Automatic;
				DEVELOPMENT_TEAM = 2BULHRS882;
				INFOPLIST_FILE = "Alien KamikaZe/Info.plist";
				LD_RUNPATH_SEARCH_PATHS = "$(inherited) @executable_path/Frameworks";
				PRODUCT_BUNDLE_IDENTIFIER = "ca.centennialcollege.Alien-KamikaZe";
				PRODUCT_NAME = "$(TARGET_NAME)";
				SWIFT_VERSION = 4.0;
				TARGETED_DEVICE_FAMILY = 1;
			};
			name = Debug;
		};
		77A33885203EA739000C2F86 /* Release */ = {
			isa = XCBuildConfiguration;
			buildSettings = {
				ASSETCATALOG_COMPILER_APPICON_NAME = AppIcon;
				CODE_SIGN_STYLE = Automatic;
				DEVELOPMENT_TEAM = 2BULHRS882;
				INFOPLIST_FILE = "Alien KamikaZe/Info.plist";
				LD_RUNPATH_SEARCH_PATHS = "$(inherited) @executable_path/Frameworks";
				PRODUCT_BUNDLE_IDENTIFIER = "ca.centennialcollege.Alien-KamikaZe";
				PRODUCT_NAME = "$(TARGET_NAME)";
				SWIFT_VERSION = 4.0;
				TARGETED_DEVICE_FAMILY = 1;
			};
			name = Release;
		};
/* End XCBuildConfiguration section */

/* Begin XCConfigurationList section */
		77A33866203EA739000C2F86 /* Build configuration list for PBXProject "Alien KamikaZe" */ = {
			isa = XCConfigurationList;
			buildConfigurations = (
				77A33881203EA739000C2F86 /* Debug */,
				77A33882203EA739000C2F86 /* Release */,
			);
			defaultConfigurationIsVisible = 0;
			defaultConfigurationName = Release;
		};
		77A33883203EA739000C2F86 /* Build configuration list for PBXNativeTarget "Alien KamikaZe" */ = {
			isa = XCConfigurationList;
			buildConfigurations = (
				77A33884203EA739000C2F86 /* Debug */,
				77A33885203EA739000C2F86 /* Release */,
			);
			defaultConfigurationIsVisible = 0;
			defaultConfigurationName = Release;
		};
/* End XCConfigurationList section */
	};
	rootObject = 77A33863203EA739000C2F86 /* Project object */;
}
